// !$*UTF8*$!
{
	archiveVersion = 1;
	classes = {
	};
	objectVersion = 56;
	objects = {

/* Begin PBXBuildFile section */
		AA6DA2472C44FF4E00F884BE /* FilterTab.swift in Sources */ = {isa = PBXBuildFile; fileRef = AA6DA2462C44FF4E00F884BE /* FilterTab.swift */; };
		AA6DA2492C45012400F884BE /* NodataFound.swift in Sources */ = {isa = PBXBuildFile; fileRef = AA6DA2482C45012300F884BE /* NodataFound.swift */; };
		AA6DA24D2C456D5600F884BE /* CustomTabBar.swift in Sources */ = {isa = PBXBuildFile; fileRef = AA6DA24C2C456D5600F884BE /* CustomTabBar.swift */; };
		AA6DA24F2C456D8100F884BE /* TabBarButtonView.swift in Sources */ = {isa = PBXBuildFile; fileRef = AA6DA24E2C456D8100F884BE /* TabBarButtonView.swift */; };
		AAB31F642C3FC07D00FC1B03 /* SearchSwiftUIApp.swift in Sources */ = {isa = PBXBuildFile; fileRef = AAB31F632C3FC07D00FC1B03 /* SearchSwiftUIApp.swift */; };
		AAB31F662C3FC07D00FC1B03 /* ContentView.swift in Sources */ = {isa = PBXBuildFile; fileRef = AAB31F652C3FC07D00FC1B03 /* ContentView.swift */; };
		AAB31F682C3FC07F00FC1B03 /* Assets.xcassets in Resources */ = {isa = PBXBuildFile; fileRef = AAB31F672C3FC07F00FC1B03 /* Assets.xcassets */; };
		AAB31F6B2C3FC07F00FC1B03 /* Preview Assets.xcassets in Resources */ = {isa = PBXBuildFile; fileRef = AAB31F6A2C3FC07F00FC1B03 /* Preview Assets.xcassets */; };
		AAB31F722C3FC2D400FC1B03 /* NamesData.swift in Sources */ = {isa = PBXBuildFile; fileRef = AAB31F712C3FC2D400FC1B03 /* NamesData.swift */; };
		AAC0516C2C465DFE00120EF3 /* ClubInnerPage.swift in Sources */ = {isa = PBXBuildFile; fileRef = AAC0516B2C465DFE00120EF3 /* ClubInnerPage.swift */; };
		AAC0516E2C4693BD00120EF3 /* DropDownView.swift in Sources */ = {isa = PBXBuildFile; fileRef = AAC0516D2C4693BD00120EF3 /* DropDownView.swift */; };
		AADB099C2C4648DB00849F88 /* PlayersItem.swift in Sources */ = {isa = PBXBuildFile; fileRef = AADB099B2C4648DB00849F88 /* PlayersItem.swift */; };
/* End PBXBuildFile section */

/* Begin PBXFileReference section */
		AA6DA2462C44FF4E00F884BE /* FilterTab.swift */ = {isa = PBXFileReference; lastKnownFileType = sourcecode.swift; path = FilterTab.swift; sourceTree = "<group>"; };
		AA6DA2482C45012300F884BE /* NodataFound.swift */ = {isa = PBXFileReference; lastKnownFileType = sourcecode.swift; path = NodataFound.swift; sourceTree = "<group>"; };
		AA6DA24C2C456D5600F884BE /* CustomTabBar.swift */ = {isa = PBXFileReference; lastKnownFileType = sourcecode.swift; path = CustomTabBar.swift; sourceTree = "<group>"; };
		AA6DA24E2C456D8100F884BE /* TabBarButtonView.swift */ = {isa = PBXFileReference; lastKnownFileType = sourcecode.swift; path = TabBarButtonView.swift; sourceTree = "<group>"; };
		AAB31F602C3FC07D00FC1B03 /* SearchSwiftUI.app */ = {isa = PBXFileReference; explicitFileType = wrapper.application; includeInIndex = 0; path = SearchSwiftUI.app; sourceTree = BUILT_PRODUCTS_DIR; };
		AAB31F632C3FC07D00FC1B03 /* SearchSwiftUIApp.swift */ = {isa = PBXFileReference; lastKnownFileType = sourcecode.swift; path = SearchSwiftUIApp.swift; sourceTree = "<group>"; };
		AAB31F652C3FC07D00FC1B03 /* ContentView.swift */ = {isa = PBXFileReference; lastKnownFileType = sourcecode.swift; path = ContentView.swift; sourceTree = "<group>"; };
		AAB31F672C3FC07F00FC1B03 /* Assets.xcassets */ = {isa = PBXFileReference; lastKnownFileType = folder.assetcatalog; path = Assets.xcassets; sourceTree = "<group>"; };
		AAB31F6A2C3FC07F00FC1B03 /* Preview Assets.xcassets */ = {isa = PBXFileReference; lastKnownFileType = folder.assetcatalog; path = "Preview Assets.xcassets"; sourceTree = "<group>"; };
		AAB31F712C3FC2D400FC1B03 /* NamesData.swift */ = {isa = PBXFileReference; lastKnownFileType = sourcecode.swift; path = NamesData.swift; sourceTree = "<group>"; };
		AAC0516B2C465DFE00120EF3 /* ClubInnerPage.swift */ = {isa = PBXFileReference; lastKnownFileType = sourcecode.swift; path = ClubInnerPage.swift; sourceTree = "<group>"; };
		AAC0516D2C4693BD00120EF3 /* DropDownView.swift */ = {isa = PBXFileReference; lastKnownFileType = sourcecode.swift; path = DropDownView.swift; sourceTree = "<group>"; };
		AADB099B2C4648DB00849F88 /* PlayersItem.swift */ = {isa = PBXFileReference; lastKnownFileType = sourcecode.swift; path = PlayersItem.swift; sourceTree = "<group>"; };
/* End PBXFileReference section */

/* Begin PBXFrameworksBuildPhase section */
		AAB31F5D2C3FC07D00FC1B03 /* Frameworks */ = {
			isa = PBXFrameworksBuildPhase;
			buildActionMask = 2147483647;
			files = (
			);
			runOnlyForDeploymentPostprocessing = 0;
		};
/* End PBXFrameworksBuildPhase section */

/* Begin PBXGroup section */
		AA6DA2452C44FF2100F884BE /* View */ = {
			isa = PBXGroup;
			children = (
				AAB31F652C3FC07D00FC1B03 /* ContentView.swift */,
				AA6DA2462C44FF4E00F884BE /* FilterTab.swift */,
				AA6DA2482C45012300F884BE /* NodataFound.swift */,
				AA6DA24C2C456D5600F884BE /* CustomTabBar.swift */,
				AA6DA24E2C456D8100F884BE /* TabBarButtonView.swift */,
				AADB099B2C4648DB00849F88 /* PlayersItem.swift */,
				AAC0516B2C465DFE00120EF3 /* ClubInnerPage.swift */,
				AAC0516D2C4693BD00120EF3 /* DropDownView.swift */,
			);
			path = View;
			sourceTree = "<group>";
		};
		AAB31F572C3FC07D00FC1B03 = {
			isa = PBXGroup;
			children = (
				AAB31F622C3FC07D00FC1B03 /* SearchSwiftUI */,
				AAB31F612C3FC07D00FC1B03 /* Products */,
			);
			sourceTree = "<group>";
		};
		AAB31F612C3FC07D00FC1B03 /* Products */ = {
			isa = PBXGroup;
			children = (
				AAB31F602C3FC07D00FC1B03 /* SearchSwiftUI.app */,
			);
			name = Products;
			sourceTree = "<group>";
		};
		AAB31F622C3FC07D00FC1B03 /* SearchSwiftUI */ = {
			isa = PBXGroup;
			children = (
				AA6DA2452C44FF2100F884BE /* View */,
				AAB31F632C3FC07D00FC1B03 /* SearchSwiftUIApp.swift */,
				AAB31F672C3FC07F00FC1B03 /* Assets.xcassets */,
				AAB31F692C3FC07F00FC1B03 /* Preview Content */,
				AAB31F712C3FC2D400FC1B03 /* NamesData.swift */,
			);
			path = SearchSwiftUI;
			sourceTree = "<group>";
		};
		AAB31F692C3FC07F00FC1B03 /* Preview Content */ = {
			isa = PBXGroup;
			children = (
				AAB31F6A2C3FC07F00FC1B03 /* Preview Assets.xcassets */,
			);
			path = "Preview Content";
			sourceTree = "<group>";
		};
/* End PBXGroup section */

/* Begin PBXNativeTarget section */
		AAB31F5F2C3FC07D00FC1B03 /* SearchSwiftUI */ = {
			isa = PBXNativeTarget;
			buildConfigurationList = AAB31F6E2C3FC07F00FC1B03 /* Build configuration list for PBXNativeTarget "SearchSwiftUI" */;
			buildPhases = (
				AAB31F5C2C3FC07D00FC1B03 /* Sources */,
				AAB31F5D2C3FC07D00FC1B03 /* Frameworks */,
				AAB31F5E2C3FC07D00FC1B03 /* Resources */,
			);
			buildRules = (
			);
			dependencies = (
			);
			name = SearchSwiftUI;
			productName = SearchSwiftUI;
			productReference = AAB31F602C3FC07D00FC1B03 /* SearchSwiftUI.app */;
			productType = "com.apple.product-type.application";
		};
/* End PBXNativeTarget section */

/* Begin PBXProject section */
		AAB31F582C3FC07D00FC1B03 /* Project object */ = {
			isa = PBXProject;
			attributes = {
				BuildIndependentTargetsInParallel = 1;
				LastSwiftUpdateCheck = 1500;
				LastUpgradeCheck = 1500;
				TargetAttributes = {
					AAB31F5F2C3FC07D00FC1B03 = {
						CreatedOnToolsVersion = 15.0.1;
					};
				};
			};
			buildConfigurationList = AAB31F5B2C3FC07D00FC1B03 /* Build configuration list for PBXProject "SearchSwiftUI" */;
			compatibilityVersion = "Xcode 14.0";
			developmentRegion = en;
			hasScannedForEncodings = 0;
			knownRegions = (
				en,
				Base,
			);
			mainGroup = AAB31F572C3FC07D00FC1B03;
			productRefGroup = AAB31F612C3FC07D00FC1B03 /* Products */;
			projectDirPath = "";
			projectRoot = "";
			targets = (
				AAB31F5F2C3FC07D00FC1B03 /* SearchSwiftUI */,
			);
		};
/* End PBXProject section */

/* Begin PBXResourcesBuildPhase section */
		AAB31F5E2C3FC07D00FC1B03 /* Resources */ = {
			isa = PBXResourcesBuildPhase;
			buildActionMask = 2147483647;
			files = (
				AAB31F6B2C3FC07F00FC1B03 /* Preview Assets.xcassets in Resources */,
				AAB31F682C3FC07F00FC1B03 /* Assets.xcassets in Resources */,
			);
			runOnlyForDeploymentPostprocessing = 0;
		};
/* End PBXResourcesBuildPhase section */

/* Begin PBXSourcesBuildPhase section */
		AAB31F5C2C3FC07D00FC1B03 /* Sources */ = {
			isa = PBXSourcesBuildPhase;
			buildActionMask = 2147483647;
			files = (
				AA6DA24F2C456D8100F884BE /* TabBarButtonView.swift in Sources */,
				AAC0516E2C4693BD00120EF3 /* DropDownView.swift in Sources */,
				AAB31F722C3FC2D400FC1B03 /* NamesData.swift in Sources */,
				AAB31F662C3FC07D00FC1B03 /* ContentView.swift in Sources */,
				AADB099C2C4648DB00849F88 /* PlayersItem.swift in Sources */,
				AAB31F642C3FC07D00FC1B03 /* SearchSwiftUIApp.swift in Sources */,
				AAC0516C2C465DFE00120EF3 /* ClubInnerPage.swift in Sources */,
				AA6DA2492C45012400F884BE /* NodataFound.swift in Sources */,
				AA6DA24D2C456D5600F884BE /* CustomTabBar.swift in Sources */,
				AA6DA2472C44FF4E00F884BE /* FilterTab.swift in Sources */,
			);
			runOnlyForDeploymentPostprocessing = 0;
		};
/* End PBXSourcesBuildPhase section */

/* Begin XCBuildConfiguration section */
		AAB31F6C2C3FC07F00FC1B03 /* Debug */ = {
			isa = XCBuildConfiguration;
			buildSettings = {
				ALWAYS_SEARCH_USER_PATHS = NO;
				ASSETCATALOG_COMPILER_GENERATE_SWIFT_ASSET_SYMBOL_EXTENSIONS = YES;
				CLANG_ANALYZER_NONNULL = YES;
				CLANG_ANALYZER_NUMBER_OBJECT_CONVERSION = YES_AGGRESSIVE;
				CLANG_CXX_LANGUAGE_STANDARD = "gnu++20";
				CLANG_ENABLE_MODULES = YES;
				CLANG_ENABLE_OBJC_ARC = YES;
				CLANG_ENABLE_OBJC_WEAK = YES;
				CLANG_WARN_BLOCK_CAPTURE_AUTORELEASING = YES;
				CLANG_WARN_BOOL_CONVERSION = YES;
				CLANG_WARN_COMMA = YES;
				CLANG_WARN_CONSTANT_CONVERSION = YES;
				CLANG_WARN_DEPRECATED_OBJC_IMPLEMENTATIONS = YES;
				CLANG_WARN_DIRECT_OBJC_ISA_USAGE = YES_ERROR;
				CLANG_WARN_DOCUMENTATION_COMMENTS = YES;
				CLANG_WARN_EMPTY_BODY = YES;
				CLANG_WARN_ENUM_CONVERSION = YES;
				CLANG_WARN_INFINITE_RECURSION = YES;
				CLANG_WARN_INT_CONVERSION = YES;
				CLANG_WARN_NON_LITERAL_NULL_CONVERSION = YES;
				CLANG_WARN_OBJC_IMPLICIT_RETAIN_SELF = YES;
				CLANG_WARN_OBJC_LITERAL_CONVERSION = YES;
				CLANG_WARN_OBJC_ROOT_CLASS = YES_ERROR;
				CLANG_WARN_QUOTED_INCLUDE_IN_FRAMEWORK_HEADER = YES;
				CLANG_WARN_RANGE_LOOP_ANALYSIS = YES;
				CLANG_WARN_STRICT_PROTOTYPES = YES;
				CLANG_WARN_SUSPICIOUS_MOVE = YES;
				CLANG_WARN_UNGUARDED_AVAILABILITY = YES_AGGRESSIVE;
				CLANG_WARN_UNREACHABLE_CODE = YES;
				CLANG_WARN__DUPLICATE_METHOD_MATCH = YES;
				COPY_PHASE_STRIP = NO;
				DEBUG_INFORMATION_FORMAT = dwarf;
				ENABLE_STRICT_OBJC_MSGSEND = YES;
				ENABLE_TESTABILITY = YES;
				ENABLE_USER_SCRIPT_SANDBOXING = YES;
				GCC_C_LANGUAGE_STANDARD = gnu17;
				GCC_DYNAMIC_NO_PIC = NO;
				GCC_NO_COMMON_BLOCKS = YES;
				GCC_OPTIMIZATION_LEVEL = 0;
				GCC_PREPROCESSOR_DEFINITIONS = (
					"DEBUG=1",
					"$(inherited)",
				);
				GCC_WARN_64_TO_32_BIT_CONVERSION = YES;
				GCC_WARN_ABOUT_RETURN_TYPE = YES_ERROR;
				GCC_WARN_UNDECLARED_SELECTOR = YES;
				GCC_WARN_UNINITIALIZED_AUTOS = YES_AGGRESSIVE;
				GCC_WARN_UNUSED_FUNCTION = YES;
				GCC_WARN_UNUSED_VARIABLE = YES;
				IPHONEOS_DEPLOYMENT_TARGET = 17.0;
				LOCALIZATION_PREFERS_STRING_CATALOGS = YES;
				MTL_ENABLE_DEBUG_INFO = INCLUDE_SOURCE;
				MTL_FAST_MATH = YES;
				ONLY_ACTIVE_ARCH = YES;
				SDKROOT = iphoneos;
				SWIFT_ACTIVE_COMPILATION_CONDITIONS = "DEBUG $(inherited)";
				SWIFT_OPTIMIZATION_LEVEL = "-Onone";
			};
			name = Debug;
		};
		AAB31F6D2C3FC07F00FC1B03 /* Release */ = {
			isa = XCBuildConfiguration;
			buildSettings = {
				ALWAYS_SEARCH_USER_PATHS = NO;
				ASSETCATALOG_COMPILER_GENERATE_SWIFT_ASSET_SYMBOL_EXTENSIONS = YES;
				CLANG_ANALYZER_NONNULL = YES;
				CLANG_ANALYZER_NUMBER_OBJECT_CONVERSION = YES_AGGRESSIVE;
				CLANG_CXX_LANGUAGE_STANDARD = "gnu++20";
				CLANG_ENABLE_MODULES = YES;
				CLANG_ENABLE_OBJC_ARC = YES;
				CLANG_ENABLE_OBJC_WEAK = YES;
				CLANG_WARN_BLOCK_CAPTURE_AUTORELEASING = YES;
				CLANG_WARN_BOOL_CONVERSION = YES;
				CLANG_WARN_COMMA = YES;
				CLANG_WARN_CONSTANT_CONVERSION = YES;
				CLANG_WARN_DEPRECATED_OBJC_IMPLEMENTATIONS = YES;
				CLANG_WARN_DIRECT_OBJC_ISA_USAGE = YES_ERROR;
				CLANG_WARN_DOCUMENTATION_COMMENTS = YES;
				CLANG_WARN_EMPTY_BODY = YES;
				CLANG_WARN_ENUM_CONVERSION = YES;
				CLANG_WARN_INFINITE_RECURSION = YES;
				CLANG_WARN_INT_CONVERSION = YES;
				CLANG_WARN_NON_LITERAL_NULL_CONVERSION = YES;
				CLANG_WARN_OBJC_IMPLICIT_RETAIN_SELF = YES;
				CLANG_WARN_OBJC_LITERAL_CONVERSION = YES;
				CLANG_WARN_OBJC_ROOT_CLASS = YES_ERROR;
				CLANG_WARN_QUOTED_INCLUDE_IN_FRAMEWORK_HEADER = YES;
				CLANG_WARN_RANGE_LOOP_ANALYSIS = YES;
				CLANG_WARN_STRICT_PROTOTYPES = YES;
				CLANG_WARN_SUSPICIOUS_MOVE = YES;
				CLANG_WARN_UNGUARDED_AVAILABILITY = YES_AGGRESSIVE;
				CLANG_WARN_UNREACHABLE_CODE = YES;
				CLANG_WARN__DUPLICATE_METHOD_MATCH = YES;
				COPY_PHASE_STRIP = NO;
				DEBUG_INFORMATION_FORMAT = "dwarf-with-dsym";
				ENABLE_NS_ASSERTIONS = NO;
				ENABLE_STRICT_OBJC_MSGSEND = YES;
				ENABLE_USER_SCRIPT_SANDBOXING = YES;
				GCC_C_LANGUAGE_STANDARD = gnu17;
				GCC_NO_COMMON_BLOCKS = YES;
				GCC_WARN_64_TO_32_BIT_CONVERSION = YES;
				GCC_WARN_ABOUT_RETURN_TYPE = YES_ERROR;
				GCC_WARN_UNDECLARED_SELECTOR = YES;
				GCC_WARN_UNINITIALIZED_AUTOS = YES_AGGRESSIVE;
				GCC_WARN_UNUSED_FUNCTION = YES;
				GCC_WARN_UNUSED_VARIABLE = YES;
				IPHONEOS_DEPLOYMENT_TARGET = 17.0;
				LOCALIZATION_PREFERS_STRING_CATALOGS = YES;
				MTL_ENABLE_DEBUG_INFO = NO;
				MTL_FAST_MATH = YES;
				SDKROOT = iphoneos;
				SWIFT_COMPILATION_MODE = wholemodule;
				VALIDATE_PRODUCT = YES;
			};
			name = Release;
		};
		AAB31F6F2C3FC07F00FC1B03 /* Debug */ = {
			isa = XCBuildConfiguration;
			buildSettings = {
				ASSETCATALOG_COMPILER_APPICON_NAME = AppIcon;
				ASSETCATALOG_COMPILER_GLOBAL_ACCENT_COLOR_NAME = AccentColor;
				CODE_SIGN_STYLE = Automatic;
				CURRENT_PROJECT_VERSION = 1;
				DEVELOPMENT_ASSET_PATHS = "\"SearchSwiftUI/Preview Content\"";
				ENABLE_PREVIEWS = YES;
				GENERATE_INFOPLIST_FILE = YES;
				INFOPLIST_KEY_UIApplicationSceneManifest_Generation = YES;
				INFOPLIST_KEY_UIApplicationSupportsIndirectInputEvents = YES;
				INFOPLIST_KEY_UILaunchScreen_Generation = YES;
				INFOPLIST_KEY_UISupportedInterfaceOrientations_iPad = "UIInterfaceOrientationPortrait UIInterfaceOrientationPortraitUpsideDown UIInterfaceOrientationLandscapeLeft UIInterfaceOrientationLandscapeRight";
				INFOPLIST_KEY_UISupportedInterfaceOrientations_iPhone = "UIInterfaceOrientationPortrait UIInterfaceOrientationLandscapeLeft UIInterfaceOrientationLandscapeRight";
				LD_RUNPATH_SEARCH_PATHS = (
					"$(inherited)",
					"@executable_path/Frameworks",
				);
				MARKETING_VERSION = 1.0;
				PRODUCT_BUNDLE_IDENTIFIER = net.sportzinteractive.SearchSwiftUI;
				PRODUCT_NAME = "$(TARGET_NAME)";
				SWIFT_EMIT_LOC_STRINGS = YES;
				SWIFT_VERSION = 5.0;
				TARGETED_DEVICE_FAMILY = "1,2";
			};
			name = Debug;
		};
		AAB31F702C3FC07F00FC1B03 /* Release */ = {
			isa = XCBuildConfiguration;
			buildSettings = {
				ASSETCATALOG_COMPILER_APPICON_NAME = AppIcon;
				ASSETCATALOG_COMPILER_GLOBAL_ACCENT_COLOR_NAME = AccentColor;
				CODE_SIGN_STYLE = Automatic;
				CURRENT_PROJECT_VERSION = 1;
				DEVELOPMENT_ASSET_PATHS = "\"SearchSwiftUI/Preview Content\"";
				ENABLE_PREVIEWS = YES;
				GENERATE_INFOPLIST_FILE = YES;
				INFOPLIST_KEY_UIApplicationSceneManifest_Generation = YES;
				INFOPLIST_KEY_UIApplicationSupportsIndirectInputEvents = YES;
				INFOPLIST_KEY_UILaunchScreen_Generation = YES;
				INFOPLIST_KEY_UISupportedInterfaceOrientations_iPad = "UIInterfaceOrientationPortrait UIInterfaceOrientationPortraitUpsideDown UIInterfaceOrientationLandscapeLeft UIInterfaceOrientationLandscapeRight";
				INFOPLIST_KEY_UISupportedInterfaceOrientations_iPhone = "UIInterfaceOrientationPortrait UIInterfaceOrientationLandscapeLeft UIInterfaceOrientationLandscapeRight";
				LD_RUNPATH_SEARCH_PATHS = (
					"$(inherited)",
					"@executable_path/Frameworks",
				);
				MARKETING_VERSION = 1.0;
				PRODUCT_BUNDLE_IDENTIFIER = net.sportzinteractive.SearchSwiftUI;
				PRODUCT_NAME = "$(TARGET_NAME)";
				SWIFT_EMIT_LOC_STRINGS = YES;
				SWIFT_VERSION = 5.0;
				TARGETED_DEVICE_FAMILY = "1,2";
			};
			name = Release;
		};
/* End XCBuildConfiguration section */

/* Begin XCConfigurationList section */
		AAB31F5B2C3FC07D00FC1B03 /* Build configuration list for PBXProject "SearchSwiftUI" */ = {
			isa = XCConfigurationList;
			buildConfigurations = (
				AAB31F6C2C3FC07F00FC1B03 /* Debug */,
				AAB31F6D2C3FC07F00FC1B03 /* Release */,
			);
			defaultConfigurationIsVisible = 0;
			defaultConfigurationName = Release;
		};
		AAB31F6E2C3FC07F00FC1B03 /* Build configuration list for PBXNativeTarget "SearchSwiftUI" */ = {
			isa = XCConfigurationList;
			buildConfigurations = (
				AAB31F6F2C3FC07F00FC1B03 /* Debug */,
				AAB31F702C3FC07F00FC1B03 /* Release */,
			);
			defaultConfigurationIsVisible = 0;
			defaultConfigurationName = Release;
		};
/* End XCConfigurationList section */
	};
	rootObject = AAB31F582C3FC07D00FC1B03 /* Project object */;
}
